
Microsoft Visual Studio Solution File, Format Version 12.00
# Visual Studio Version 16
VisualStudioVersion = 16.0.30309.148
MinimumVisualStudioVersion = 10.0.40219.1
Project("{9A19103F-16F7-4668-BE54-9A1E7A4F7556}") = "Sean.Core.MQ.ActiveMQ", "src\Sean.Core.MQ.ActiveMQ\Sean.Core.MQ.ActiveMQ.csproj", "{14993474-CA18-4546-A3F4-3B865E0388C2}"
EndProject
Project("{2150E333-8FDC-42A3-9474-1A3956D46DE8}") = "Test", "Test", "{052B1FAF-3631-4F21-ACF4-8D2E9DDABCEC}"
EndProject
Project("{FAE04EC0-301F-11D3-BF4B-00C04F79EFBC}") = "Demo.NetCore", "test\Demo.NetCore\Demo.NetCore.csproj", "{5E9ED759-6333-4F87-AB41-A21C87839EB9}"
EndProject
Global
	GlobalSection(SolutionConfigurationPlatforms) = preSolution
		Debug|Any CPU = Debug|Any CPU
		Release|Any CPU = Release|Any CPU
	EndGlobalSection
	GlobalSection(ProjectConfigurationPlatforms) = postSolution
		{14993474-CA18-4546-A3F4-3B865E0388C2}.Debug|Any CPU.ActiveCfg = Debug|Any CPU
		{14993474-CA18-4546-A3F4-3B865E0388C2}.Debug|Any CPU.Build.0 = Debug|Any CPU
		{14993474-CA18-4546-A3F4-3B865E0388C2}.Release|Any CPU.ActiveCfg = Release|Any CPU
		{14993474-CA18-4546-A3F4-3B865E0388C2}.Release|Any CPU.Build.0 = Release|Any CPU
		{5E9ED759-6333-4F87-AB41-A21C87839EB9}.Debug|Any CPU.ActiveCfg = Debug|Any CPU
		{5E9ED759-6333-4F87-AB41-A21C87839EB9}.Debug|Any CPU.Build.0 = Debug|Any CPU
		{5E9ED759-6333-4F87-AB41-A21C87839EB9}.Release|Any CPU.ActiveCfg = Release|Any CPU
		{5E9ED759-6333-4F87-AB41-A21C87839EB9}.Release|Any CPU.Build.0 = Release|Any CPU
	EndGlobalSection
	GlobalSection(SolutionProperties) = preSolution
		HideSolutionNode = FALSE
	EndGlobalSection
	GlobalSection(NestedProjects) = preSolution
		{5E9ED759-6333-4F87-AB41-A21C87839EB9} = {052B1FAF-3631-4F21-ACF4-8D2E9DDABCEC}
	EndGlobalSection
	GlobalSection(ExtensibilityGlobals) = postSolution
		SolutionGuid = {9A877118-D8CD-44C2-A5A3-669D7CCBF282}
	EndGlobalSection
EndGlobal
